
Microsoft Visual Studio Solution File, Format Version 12.00
# Visual Studio Version 17
VisualStudioVersion = 17.1.32228.430
MinimumVisualStudioVersion = 10.0.40219.1
Project("{FAE04EC0-301F-11D3-BF4B-00C04F79EFBC}") = "Victorina(exam)", "Victorina(exam).csproj", "{2F5907FA-8201-4CD8-85C1-4B11BCA915EE}"
EndProject
Global
	GlobalSection(SolutionConfigurationPlatforms) = preSolution
		Debug|Any CPU = Debug|Any CPU
		Release|Any CPU = Release|Any CPU
	EndGlobalSection
	GlobalSection(ProjectConfigurationPlatforms) = postSolution
		{2F5907FA-8201-4CD8-85C1-4B11BCA915EE}.Debug|Any CPU.ActiveCfg = Debug|Any CPU
		{2F5907FA-8201-4CD8-85C1-4B11BCA915EE}.Debug|Any CPU.Build.0 = Debug|Any CPU
		{2F5907FA-8201-4CD8-85C1-4B11BCA915EE}.Release|Any CPU.ActiveCfg = Release|Any CPU
		{2F5907FA-8201-4CD8-85C1-4B11BCA915EE}.Release|Any CPU.Build.0 = Release|Any CPU
	EndGlobalSection
	GlobalSection(SolutionProperties) = preSolution
		HideSolutionNode = FALSE
	EndGlobalSection
	GlobalSection(ExtensibilityGlobals) = postSolution
		SolutionGuid = {0460708D-E43A-40C6-99BC-A4C24C4B864E}
	EndGlobalSection
EndGlobal
